<?xml version="1.0" encoding="utf-8"?>
<Project ToolsVersion="4.0" xmlns="http://schemas.microsoft.com/developer/msbuild/2003">
  <ItemGroup>
    <MASM Include="plantilla2.asm" />
    <MASM Include="P8.asm">
      <Filter>PROGRAMAS</Filter>
    </MASM>
    <MASM Include="P2.asm">
      <Filter>PROGRAMAS</Filter>
    </MASM>
    <MASM Include="P1.asm">
      <Filter>PROGRAMAS</Filter>
    </MASM>
    <MASM Include="P3.asm">
      <Filter>PROGRAMAS</Filter>
    </MASM>
    <MASM Include="P4.asm">
      <Filter>PROGRAMAS</Filter>
    </MASM>
    <MASM Include="P5.asm">
      <Filter>PROGRAMAS</Filter>
    </MASM>
    <MASM Include="P6.asm">
      <Filter>PROGRAMAS</Filter>
    </MASM>
    <MASM Include="P7.asm">
      <Filter>PROGRAMAS</Filter>
    </MASM>
    <MASM Include="P9_intromacro.asm" />
    <MASM Include="P10_Suma2nums.asm" />
    <MASM Include="P11_readstring.asm" />
    <MASM Include="P12_nombres.asm" />
    <MASM Include="P13_VENTANAEMERGENTE.asm" />
    <MASM Include="P14_msbv2.asm" />
    <MASM Include="P15_msgBoxAsk.asm" />
    <MASM Include="P16_sumaconProc.asm" />
    <MASM Include="EJ2_EDADALUMNOS.asm" />
    <MASM Include="Hamburgesas.asm" />
    <MASM Include="EJ1U3Hamburguesas.asm" />
  </ItemGroup>
  <ItemGroup>
    <Object Include="..\..\..\..\..\..\Irvine\Lib32\Irvine32_Library\Irvine32.obj" />
  </ItemGroup>
  <ItemGroup>
    <Filter Include="PROGRAMAS">
      <UniqueIdentifier>{bfe370ed-56ea-4483-a91b-85289852da0d}</UniqueIdentifier>
    </Filter>
  </ItemGroup>
  <ItemGroup>
    <None Include="macros.inc" />
  </ItemGroup>
</Project>